
Microsoft Visual Studio Solution File, Format Version 12.00
# Visual Studio Version 17
VisualStudioVersion = 17.3.32825.248
MinimumVisualStudioVersion = 10.0.40219.1
Project("{9A19103F-16F7-4668-BE54-9A1E7A4F7556}") = "NJBudgetWBackend", "..\NJBudgetWBackend\NJBudgetWBackend.csproj", "{CED72EFE-4CF0-4309-A87B-F99AE47D319D}"
EndProject
Project("{9A19103F-16F7-4668-BE54-9A1E7A4F7556}") = "NJBudgetWBackEndTests", "..\NJBudgetWBackEndTests\NJBudgetWBackEndTests.csproj", "{9DAC1F22-6D64-40A0-82AB-67D4A601C760}"
EndProject
Global
	GlobalSection(SolutionConfigurationPlatforms) = preSolution
		Debug|Any CPU = Debug|Any CPU
		Release|Any CPU = Release|Any CPU
	EndGlobalSection
	GlobalSection(ProjectConfigurationPlatforms) = postSolution
		{CED72EFE-4CF0-4309-A87B-F99AE47D319D}.Debug|Any CPU.ActiveCfg = Debug|Any CPU
		{CED72EFE-4CF0-4309-A87B-F99AE47D319D}.Debug|Any CPU.Build.0 = Debug|Any CPU
		{CED72EFE-4CF0-4309-A87B-F99AE47D319D}.Release|Any CPU.ActiveCfg = Release|Any CPU
		{CED72EFE-4CF0-4309-A87B-F99AE47D319D}.Release|Any CPU.Build.0 = Release|Any CPU
		{9DAC1F22-6D64-40A0-82AB-67D4A601C760}.Debug|Any CPU.ActiveCfg = Debug|Any CPU
		{9DAC1F22-6D64-40A0-82AB-67D4A601C760}.Debug|Any CPU.Build.0 = Debug|Any CPU
		{9DAC1F22-6D64-40A0-82AB-67D4A601C760}.Release|Any CPU.ActiveCfg = Release|Any CPU
		{9DAC1F22-6D64-40A0-82AB-67D4A601C760}.Release|Any CPU.Build.0 = Release|Any CPU
	EndGlobalSection
	GlobalSection(SolutionProperties) = preSolution
		HideSolutionNode = FALSE
	EndGlobalSection
	GlobalSection(ExtensibilityGlobals) = postSolution
		SolutionGuid = {EC097A36-24C1-4BAA-8986-62699054F92A}
	EndGlobalSection
EndGlobal
